
Microsoft Visual Studio Solution File, Format Version 12.00
# Visual Studio 14
VisualStudioVersion = 14.0.22823.1
MinimumVisualStudioVersion = 10.0.40219.1
Project("{262852C6-CD72-467D-83FE-5EEB1973A190}") = "MCNEXT WinJS Contrib", "Windows8 Sample\MCNEXT WinJS Contrib.jsproj", "{13F25FCE-65B5-4AAE-B498-C0F001F28717}"
EndProject
Project("{2150E333-8FDC-42A3-9474-1A3956D46DE8}") = "MCNEXT WinJS Contrib", "MCNEXT WinJS Contrib", "{3970E19A-616D-4816-83EE-2E902462BEE1}"
EndProject
Project("{D954291E-2A0B-460D-934E-DC6B0785DB48}") = "MCNEXT WinJS Contrib.Shared", "MCNEXT WinJS Contrib.Shared\MCNEXT WinJS Contrib.Shared.shproj", "{54087230-87DD-4A3A-BC3A-C939DB16EF31}"
EndProject
Project("{262852C6-CD72-467D-83FE-5EEB1973A190}") = "MCNEXT WinJS Contrib.WindowsPhone", "Windows Phone sample\MCNEXT WinJS Contrib.WindowsPhone.jsproj", "{D347A8E1-D088-41E6-BF18-2D6EE23AD24A}"
EndProject
Project("{262852C6-CD72-467D-83FE-5EEB1973A190}") = "MCNEXT WinJS Contrib W10", "MCNEXT WinJS Contrib W10\MCNEXT WinJS Contrib W10.jsproj", "{28998D9A-DBD1-4B3C-8847-C392A00855B0}"
EndProject
Global
	GlobalSection(SharedMSBuildProjectFiles) = preSolution
		MCNEXT WinJS Contrib.Shared\MCNEXT_WinJS_Contrib.Shared.projitems*{13f25fce-65b5-4aae-b498-c0f001f28717}*SharedItemsImports = 5
		MCNEXT WinJS Contrib.Shared\MCNEXT_WinJS_Contrib.Shared.projitems*{54087230-87dd-4a3a-bc3a-c939db16ef31}*SharedItemsImports = 13
		MCNEXT WinJS Contrib.Shared\MCNEXT_WinJS_Contrib.Shared.projitems*{d347a8e1-d088-41e6-bf18-2d6ee23ad24a}*SharedItemsImports = 5
		MCNEXT WinJS Contrib.Shared\MCNEXT_WinJS_Contrib.Shared.projitems*{28998d9a-dbd1-4b3c-8847-c392a00855b0}*SharedItemsImports = 5
	EndGlobalSection
	GlobalSection(SolutionConfigurationPlatforms) = preSolution
		Debug|Android = Debug|Android
		Debug|Any CPU = Debug|Any CPU
		Debug|ARM = Debug|ARM
		Debug|iOS = Debug|iOS
		Debug|Mixed Platforms = Debug|Mixed Platforms
		Debug|Windows Phone = Debug|Windows Phone
		Debug|Windows-AnyCPU = Debug|Windows-AnyCPU
		Debug|Windows-ARM = Debug|Windows-ARM
		Debug|Windows-x64 = Debug|Windows-x64
		Debug|Windows-x86 = Debug|Windows-x86
		Debug|x64 = Debug|x64
		Debug|x86 = Debug|x86
		Distribution|Android = Distribution|Android
		Distribution|Any CPU = Distribution|Any CPU
		Distribution|ARM = Distribution|ARM
		Distribution|iOS = Distribution|iOS
		Distribution|Mixed Platforms = Distribution|Mixed Platforms
		Distribution|Windows Phone = Distribution|Windows Phone
		Distribution|Windows-AnyCPU = Distribution|Windows-AnyCPU
		Distribution|Windows-ARM = Distribution|Windows-ARM
		Distribution|Windows-x64 = Distribution|Windows-x64
		Distribution|Windows-x86 = Distribution|Windows-x86
		Distribution|x64 = Distribution|x64
		Distribution|x86 = Distribution|x86
		Release|Android = Release|Android
		Release|Any CPU = Release|Any CPU
		Release|ARM = Release|ARM
		Release|iOS = Release|iOS
		Release|Mixed Platforms = Release|Mixed Platforms
		Release|Windows Phone = Release|Windows Phone
		Release|Windows-AnyCPU = Release|Windows-AnyCPU
		Release|Windows-ARM = Release|Windows-ARM
		Release|Windows-x64 = Release|Windows-x64
		Release|Windows-x86 = Release|Windows-x86
		Release|x64 = Release|x64
		Release|x86 = Release|x86
	EndGlobalSection
	GlobalSection(ProjectConfigurationPlatforms) = postSolution
		{13F25FCE-65B5-4AAE-B498-C0F001F28717}.Debug|Android.ActiveCfg = Debug|Any CPU
		{13F25FCE-65B5-4AAE-B498-C0F001F28717}.Debug|Any CPU.ActiveCfg = Debug|Any CPU
		{13F25FCE-65B5-4AAE-B498-C0F001F28717}.Debug|Any CPU.Build.0 = Debug|Any CPU
		{13F25FCE-65B5-4AAE-B498-C0F001F28717}.Debug|Any CPU.Deploy.0 = Debug|Any CPU
		{13F25FCE-65B5-4AAE-B498-C0F001F28717}.Debug|ARM.ActiveCfg = Debug|ARM
		{13F25FCE-65B5-4AAE-B498-C0F001F28717}.Debug|ARM.Build.0 = Debug|ARM
		{13F25FCE-65B5-4AAE-B498-C0F001F28717}.Debug|ARM.Deploy.0 = Debug|ARM
		{13F25FCE-65B5-4AAE-B498-C0F001F28717}.Debug|iOS.ActiveCfg = Debug|Any CPU
		{13F25FCE-65B5-4AAE-B498-C0F001F28717}.Debug|Mixed Platforms.ActiveCfg = Debug|x86
		{13F25FCE-65B5-4AAE-B498-C0F001F28717}.Debug|Mixed Platforms.Build.0 = Debug|x86
		{13F25FCE-65B5-4AAE-B498-C0F001F28717}.Debug|Mixed Platforms.Deploy.0 = Debug|x86
		{13F25FCE-65B5-4AAE-B498-C0F001F28717}.Debug|Windows Phone.ActiveCfg = Debug|Any CPU
		{13F25FCE-65B5-4AAE-B498-C0F001F28717}.Debug|Windows-AnyCPU.ActiveCfg = Debug|Any CPU
		{13F25FCE-65B5-4AAE-B498-C0F001F28717}.Debug|Windows-ARM.ActiveCfg = Debug|Any CPU
		{13F25FCE-65B5-4AAE-B498-C0F001F28717}.Debug|Windows-x64.ActiveCfg = Debug|Any CPU
		{13F25FCE-65B5-4AAE-B498-C0F001F28717}.Debug|Windows-x86.ActiveCfg = Debug|Any CPU
		{13F25FCE-65B5-4AAE-B498-C0F001F28717}.Debug|x64.ActiveCfg = Debug|x64
		{13F25FCE-65B5-4AAE-B498-C0F001F28717}.Debug|x64.Build.0 = Debug|x64
		{13F25FCE-65B5-4AAE-B498-C0F001F28717}.Debug|x64.Deploy.0 = Debug|x64
		{13F25FCE-65B5-4AAE-B498-C0F001F28717}.Debug|x86.ActiveCfg = Debug|x86
		{13F25FCE-65B5-4AAE-B498-C0F001F28717}.Debug|x86.Build.0 = Debug|x86
		{13F25FCE-65B5-4AAE-B498-C0F001F28717}.Debug|x86.Deploy.0 = Debug|x86
		{13F25FCE-65B5-4AAE-B498-C0F001F28717}.Distribution|Android.ActiveCfg = Debug|Any CPU
		{13F25FCE-65B5-4AAE-B498-C0F001F28717}.Distribution|Any CPU.ActiveCfg = Debug|Any CPU
		{13F25FCE-65B5-4AAE-B498-C0F001F28717}.Distribution|Any CPU.Build.0 = Debug|Any CPU
		{13F25FCE-65B5-4AAE-B498-C0F001F28717}.Distribution|Any CPU.Deploy.0 = Debug|Any CPU
		{13F25FCE-65B5-4AAE-B498-C0F001F28717}.Distribution|ARM.ActiveCfg = Debug|ARM
		{13F25FCE-65B5-4AAE-B498-C0F001F28717}.Distribution|ARM.Build.0 = Debug|ARM
		{13F25FCE-65B5-4AAE-B498-C0F001F28717}.Distribution|ARM.Deploy.0 = Debug|ARM
		{13F25FCE-65B5-4AAE-B498-C0F001F28717}.Distribution|iOS.ActiveCfg = Debug|Any CPU
		{13F25FCE-65B5-4AAE-B498-C0F001F28717}.Distribution|Mixed Platforms.ActiveCfg = Debug|x86
		{13F25FCE-65B5-4AAE-B498-C0F001F28717}.Distribution|Mixed Platforms.Build.0 = Debug|x86
		{13F25FCE-65B5-4AAE-B498-C0F001F28717}.Distribution|Mixed Platforms.Deploy.0 = Debug|x86
		{13F25FCE-65B5-4AAE-B498-C0F001F28717}.Distribution|Windows Phone.ActiveCfg = Debug|Any CPU
		{13F25FCE-65B5-4AAE-B498-C0F001F28717}.Distribution|Windows-AnyCPU.ActiveCfg = Debug|Any CPU
		{13F25FCE-65B5-4AAE-B498-C0F001F28717}.Distribution|Windows-ARM.ActiveCfg = Debug|Any CPU
		{13F25FCE-65B5-4AAE-B498-C0F001F28717}.Distribution|Windows-x64.ActiveCfg = Debug|Any CPU
		{13F25FCE-65B5-4AAE-B498-C0F001F28717}.Distribution|Windows-x86.ActiveCfg = Debug|Any CPU
		{13F25FCE-65B5-4AAE-B498-C0F001F28717}.Distribution|x64.ActiveCfg = Debug|x64
		{13F25FCE-65B5-4AAE-B498-C0F001F28717}.Distribution|x64.Build.0 = Debug|x64
		{13F25FCE-65B5-4AAE-B498-C0F001F28717}.Distribution|x64.Deploy.0 = Debug|x64
		{13F25FCE-65B5-4AAE-B498-C0F001F28717}.Distribution|x86.ActiveCfg = Debug|x86
		{13F25FCE-65B5-4AAE-B498-C0F001F28717}.Distribution|x86.Build.0 = Debug|x86
		{13F25FCE-65B5-4AAE-B498-C0F001F28717}.Distribution|x86.Deploy.0 = Debug|x86
		{13F25FCE-65B5-4AAE-B498-C0F001F28717}.Release|Android.ActiveCfg = Release|Any CPU
		{13F25FCE-65B5-4AAE-B498-C0F001F28717}.Release|Any CPU.ActiveCfg = Release|Any CPU
		{13F25FCE-65B5-4AAE-B498-C0F001F28717}.Release|Any CPU.Build.0 = Release|Any CPU
		{13F25FCE-65B5-4AAE-B498-C0F001F28717}.Release|Any CPU.Deploy.0 = Release|Any CPU
		{13F25FCE-65B5-4AAE-B498-C0F001F28717}.Release|ARM.ActiveCfg = Release|ARM
		{13F25FCE-65B5-4AAE-B498-C0F001F28717}.Release|ARM.Build.0 = Release|ARM
		{13F25FCE-65B5-4AAE-B498-C0F001F28717}.Release|ARM.Deploy.0 = Release|ARM
		{13F25FCE-65B5-4AAE-B498-C0F001F28717}.Release|iOS.ActiveCfg = Release|Any CPU
		{13F25FCE-65B5-4AAE-B498-C0F001F28717}.Release|Mixed Platforms.ActiveCfg = Release|x86
		{13F25FCE-65B5-4AAE-B498-C0F001F28717}.Release|Mixed Platforms.Build.0 = Release|x86
		{13F25FCE-65B5-4AAE-B498-C0F001F28717}.Release|Mixed Platforms.Deploy.0 = Release|x86
		{13F25FCE-65B5-4AAE-B498-C0F001F28717}.Release|Windows Phone.ActiveCfg = Release|Any CPU
		{13F25FCE-65B5-4AAE-B498-C0F001F28717}.Release|Windows-AnyCPU.ActiveCfg = Release|Any CPU
		{13F25FCE-65B5-4AAE-B498-C0F001F28717}.Release|Windows-ARM.ActiveCfg = Release|Any CPU
		{13F25FCE-65B5-4AAE-B498-C0F001F28717}.Release|Windows-x64.ActiveCfg = Release|Any CPU
		{13F25FCE-65B5-4AAE-B498-C0F001F28717}.Release|Windows-x86.ActiveCfg = Release|Any CPU
		{13F25FCE-65B5-4AAE-B498-C0F001F28717}.Release|x64.ActiveCfg = Release|x64
		{13F25FCE-65B5-4AAE-B498-C0F001F28717}.Release|x64.Build.0 = Release|x64
		{13F25FCE-65B5-4AAE-B498-C0F001F28717}.Release|x64.Deploy.0 = Release|x64
		{13F25FCE-65B5-4AAE-B498-C0F001F28717}.Release|x86.ActiveCfg = Release|x86
		{13F25FCE-65B5-4AAE-B498-C0F001F28717}.Release|x86.Build.0 = Release|x86
		{13F25FCE-65B5-4AAE-B498-C0F001F28717}.Release|x86.Deploy.0 = Release|x86
		{D347A8E1-D088-41E6-BF18-2D6EE23AD24A}.Debug|Android.ActiveCfg = Debug|Any CPU
		{D347A8E1-D088-41E6-BF18-2D6EE23AD24A}.Debug|Any CPU.ActiveCfg = Debug|Any CPU
		{D347A8E1-D088-41E6-BF18-2D6EE23AD24A}.Debug|Any CPU.Build.0 = Debug|Any CPU
		{D347A8E1-D088-41E6-BF18-2D6EE23AD24A}.Debug|Any CPU.Deploy.0 = Debug|Any CPU
		{D347A8E1-D088-41E6-BF18-2D6EE23AD24A}.Debug|ARM.ActiveCfg = Debug|ARM
		{D347A8E1-D088-41E6-BF18-2D6EE23AD24A}.Debug|ARM.Build.0 = Debug|ARM
		{D347A8E1-D088-41E6-BF18-2D6EE23AD24A}.Debug|ARM.Deploy.0 = Debug|ARM
		{D347A8E1-D088-41E6-BF18-2D6EE23AD24A}.Debug|iOS.ActiveCfg = Debug|Any CPU
		{D347A8E1-D088-41E6-BF18-2D6EE23AD24A}.Debug|Mixed Platforms.ActiveCfg = Debug|x86
		{D347A8E1-D088-41E6-BF18-2D6EE23AD24A}.Debug|Mixed Platforms.Build.0 = Debug|x86
		{D347A8E1-D088-41E6-BF18-2D6EE23AD24A}.Debug|Mixed Platforms.Deploy.0 = Debug|x86
		{D347A8E1-D088-41E6-BF18-2D6EE23AD24A}.Debug|Windows Phone.ActiveCfg = Debug|Any CPU
		{D347A8E1-D088-41E6-BF18-2D6EE23AD24A}.Debug|Windows-AnyCPU.ActiveCfg = Debug|Any CPU
		{D347A8E1-D088-41E6-BF18-2D6EE23AD24A}.Debug|Windows-ARM.ActiveCfg = Debug|Any CPU
		{D347A8E1-D088-41E6-BF18-2D6EE23AD24A}.Debug|Windows-x64.ActiveCfg = Debug|Any CPU
		{D347A8E1-D088-41E6-BF18-2D6EE23AD24A}.Debug|Windows-x86.ActiveCfg = Debug|Any CPU
		{D347A8E1-D088-41E6-BF18-2D6EE23AD24A}.Debug|x64.ActiveCfg = Debug|Any CPU
		{D347A8E1-D088-41E6-BF18-2D6EE23AD24A}.Debug|x86.ActiveCfg = Debug|x86
		{D347A8E1-D088-41E6-BF18-2D6EE23AD24A}.Debug|x86.Build.0 = Debug|x86
		{D347A8E1-D088-41E6-BF18-2D6EE23AD24A}.Debug|x86.Deploy.0 = Debug|x86
		{D347A8E1-D088-41E6-BF18-2D6EE23AD24A}.Distribution|Android.ActiveCfg = Debug|Any CPU
		{D347A8E1-D088-41E6-BF18-2D6EE23AD24A}.Distribution|Any CPU.ActiveCfg = Debug|Any CPU
		{D347A8E1-D088-41E6-BF18-2D6EE23AD24A}.Distribution|Any CPU.Build.0 = Debug|Any CPU
		{D347A8E1-D088-41E6-BF18-2D6EE23AD24A}.Distribution|Any CPU.Deploy.0 = Debug|Any CPU
		{D347A8E1-D088-41E6-BF18-2D6EE23AD24A}.Distribution|ARM.ActiveCfg = Debug|ARM
		{D347A8E1-D088-41E6-BF18-2D6EE23AD24A}.Distribution|ARM.Build.0 = Debug|ARM
		{D347A8E1-D088-41E6-BF18-2D6EE23AD24A}.Distribution|ARM.Deploy.0 = Debug|ARM
		{D347A8E1-D088-41E6-BF18-2D6EE23AD24A}.Distribution|iOS.ActiveCfg = Debug|Any CPU
		{D347A8E1-D088-41E6-BF18-2D6EE23AD24A}.Distribution|Mixed Platforms.ActiveCfg = Debug|x86
		{D347A8E1-D088-41E6-BF18-2D6EE23AD24A}.Distribution|Mixed Platforms.Build.0 = Debug|x86
		{D347A8E1-D088-41E6-BF18-2D6EE23AD24A}.Distribution|Mixed Platforms.Deploy.0 = Debug|x86
		{D347A8E1-D088-41E6-BF18-2D6EE23AD24A}.Distribution|Windows Phone.ActiveCfg = Debug|Any CPU
		{D347A8E1-D088-41E6-BF18-2D6EE23AD24A}.Distribution|Windows-AnyCPU.ActiveCfg = Debug|Any CPU
		{D347A8E1-D088-41E6-BF18-2D6EE23AD24A}.Distribution|Windows-ARM.ActiveCfg = Debug|Any CPU
		{D347A8E1-D088-41E6-BF18-2D6EE23AD24A}.Distribution|Windows-x64.ActiveCfg = Debug|Any CPU
		{D347A8E1-D088-41E6-BF18-2D6EE23AD24A}.Distribution|Windows-x86.ActiveCfg = Debug|Any CPU
		{D347A8E1-D088-41E6-BF18-2D6EE23AD24A}.Distribution|x64.ActiveCfg = Debug|Any CPU
		{D347A8E1-D088-41E6-BF18-2D6EE23AD24A}.Distribution|x86.ActiveCfg = Debug|x86
		{D347A8E1-D088-41E6-BF18-2D6EE23AD24A}.Distribution|x86.Build.0 = Debug|x86
		{D347A8E1-D088-41E6-BF18-2D6EE23AD24A}.Distribution|x86.Deploy.0 = Debug|x86
		{D347A8E1-D088-41E6-BF18-2D6EE23AD24A}.Release|Android.ActiveCfg = Release|Any CPU
		{D347A8E1-D088-41E6-BF18-2D6EE23AD24A}.Release|Any CPU.ActiveCfg = Release|Any CPU
		{D347A8E1-D088-41E6-BF18-2D6EE23AD24A}.Release|Any CPU.Build.0 = Release|Any CPU
		{D347A8E1-D088-41E6-BF18-2D6EE23AD24A}.Release|Any CPU.Deploy.0 = Release|Any CPU
		{D347A8E1-D088-41E6-BF18-2D6EE23AD24A}.Release|ARM.ActiveCfg = Release|ARM
		{D347A8E1-D088-41E6-BF18-2D6EE23AD24A}.Release|ARM.Build.0 = Release|ARM
		{D347A8E1-D088-41E6-BF18-2D6EE23AD24A}.Release|ARM.Deploy.0 = Release|ARM
		{D347A8E1-D088-41E6-BF18-2D6EE23AD24A}.Release|iOS.ActiveCfg = Release|Any CPU
		{D347A8E1-D088-41E6-BF18-2D6EE23AD24A}.Release|Mixed Platforms.ActiveCfg = Release|x86
		{D347A8E1-D088-41E6-BF18-2D6EE23AD24A}.Release|Mixed Platforms.Build.0 = Release|x86
		{D347A8E1-D088-41E6-BF18-2D6EE23AD24A}.Release|Mixed Platforms.Deploy.0 = Release|x86
		{D347A8E1-D088-41E6-BF18-2D6EE23AD24A}.Release|Windows Phone.ActiveCfg = Release|Any CPU
		{D347A8E1-D088-41E6-BF18-2D6EE23AD24A}.Release|Windows-AnyCPU.ActiveCfg = Release|Any CPU
		{D347A8E1-D088-41E6-BF18-2D6EE23AD24A}.Release|Windows-ARM.ActiveCfg = Release|Any CPU
		{D347A8E1-D088-41E6-BF18-2D6EE23AD24A}.Release|Windows-x64.ActiveCfg = Release|Any CPU
		{D347A8E1-D088-41E6-BF18-2D6EE23AD24A}.Release|Windows-x86.ActiveCfg = Release|Any CPU
		{D347A8E1-D088-41E6-BF18-2D6EE23AD24A}.Release|x64.ActiveCfg = Release|Any CPU
		{D347A8E1-D088-41E6-BF18-2D6EE23AD24A}.Release|x86.ActiveCfg = Release|x86
		{D347A8E1-D088-41E6-BF18-2D6EE23AD24A}.Release|x86.Build.0 = Release|x86
		{D347A8E1-D088-41E6-BF18-2D6EE23AD24A}.Release|x86.Deploy.0 = Release|x86
		{28998D9A-DBD1-4B3C-8847-C392A00855B0}.Debug|Android.ActiveCfg = Debug|Any CPU
		{28998D9A-DBD1-4B3C-8847-C392A00855B0}.Debug|Android.Build.0 = Debug|Any CPU
		{28998D9A-DBD1-4B3C-8847-C392A00855B0}.Debug|Android.Deploy.0 = Debug|Any CPU
		{28998D9A-DBD1-4B3C-8847-C392A00855B0}.Debug|Any CPU.ActiveCfg = Debug|Any CPU
		{28998D9A-DBD1-4B3C-8847-C392A00855B0}.Debug|Any CPU.Build.0 = Debug|Any CPU
		{28998D9A-DBD1-4B3C-8847-C392A00855B0}.Debug|Any CPU.Deploy.0 = Debug|Any CPU
		{28998D9A-DBD1-4B3C-8847-C392A00855B0}.Debug|ARM.ActiveCfg = Debug|ARM
		{28998D9A-DBD1-4B3C-8847-C392A00855B0}.Debug|ARM.Build.0 = Debug|ARM
		{28998D9A-DBD1-4B3C-8847-C392A00855B0}.Debug|ARM.Deploy.0 = Debug|ARM
		{28998D9A-DBD1-4B3C-8847-C392A00855B0}.Debug|iOS.ActiveCfg = Debug|Any CPU
		{28998D9A-DBD1-4B3C-8847-C392A00855B0}.Debug|iOS.Build.0 = Debug|Any CPU
		{28998D9A-DBD1-4B3C-8847-C392A00855B0}.Debug|iOS.Deploy.0 = Debug|Any CPU
		{28998D9A-DBD1-4B3C-8847-C392A00855B0}.Debug|Mixed Platforms.ActiveCfg = Debug|x86
		{28998D9A-DBD1-4B3C-8847-C392A00855B0}.Debug|Mixed Platforms.Build.0 = Debug|x86
		{28998D9A-DBD1-4B3C-8847-C392A00855B0}.Debug|Mixed Platforms.Deploy.0 = Debug|x86
		{28998D9A-DBD1-4B3C-8847-C392A00855B0}.Debug|Windows Phone.ActiveCfg = Debug|Any CPU
		{28998D9A-DBD1-4B3C-8847-C392A00855B0}.Debug|Windows Phone.Build.0 = Debug|Any CPU
		{28998D9A-DBD1-4B3C-8847-C392A00855B0}.Debug|Windows Phone.Deploy.0 = Debug|Any CPU
		{28998D9A-DBD1-4B3C-8847-C392A00855B0}.Debug|Windows-AnyCPU.ActiveCfg = Debug|Any CPU
		{28998D9A-DBD1-4B3C-8847-C392A00855B0}.Debug|Windows-AnyCPU.Build.0 = Debug|Any CPU
		{28998D9A-DBD1-4B3C-8847-C392A00855B0}.Debug|Windows-AnyCPU.Deploy.0 = Debug|Any CPU
		{28998D9A-DBD1-4B3C-8847-C392A00855B0}.Debug|Windows-ARM.ActiveCfg = Debug|Any CPU
		{28998D9A-DBD1-4B3C-8847-C392A00855B0}.Debug|Windows-ARM.Build.0 = Debug|Any CPU
		{28998D9A-DBD1-4B3C-8847-C392A00855B0}.Debug|Windows-ARM.Deploy.0 = Debug|Any CPU
		{28998D9A-DBD1-4B3C-8847-C392A00855B0}.Debug|Windows-x64.ActiveCfg = Debug|Any CPU
		{28998D9A-DBD1-4B3C-8847-C392A00855B0}.Debug|Windows-x64.Build.0 = Debug|Any CPU
		{28998D9A-DBD1-4B3C-8847-C392A00855B0}.Debug|Windows-x64.Deploy.0 = Debug|Any CPU
		{28998D9A-DBD1-4B3C-8847-C392A00855B0}.Debug|Windows-x86.ActiveCfg = Debug|Any CPU
		{28998D9A-DBD1-4B3C-8847-C392A00855B0}.Debug|Windows-x86.Build.0 = Debug|Any CPU
		{28998D9A-DBD1-4B3C-8847-C392A00855B0}.Debug|Windows-x86.Deploy.0 = Debug|Any CPU
		{28998D9A-DBD1-4B3C-8847-C392A00855B0}.Debug|x64.ActiveCfg = Debug|x64
		{28998D9A-DBD1-4B3C-8847-C392A00855B0}.Debug|x64.Build.0 = Debug|x64
		{28998D9A-DBD1-4B3C-8847-C392A00855B0}.Debug|x64.Deploy.0 = Debug|x64
		{28998D9A-DBD1-4B3C-8847-C392A00855B0}.Debug|x86.ActiveCfg = Debug|x86
		{28998D9A-DBD1-4B3C-8847-C392A00855B0}.Debug|x86.Build.0 = Debug|x86
		{28998D9A-DBD1-4B3C-8847-C392A00855B0}.Debug|x86.Deploy.0 = Debug|x86
		{28998D9A-DBD1-4B3C-8847-C392A00855B0}.Distribution|Android.ActiveCfg = Debug|Any CPU
		{28998D9A-DBD1-4B3C-8847-C392A00855B0}.Distribution|Android.Build.0 = Debug|Any CPU
		{28998D9A-DBD1-4B3C-8847-C392A00855B0}.Distribution|Android.Deploy.0 = Debug|Any CPU
		{28998D9A-DBD1-4B3C-8847-C392A00855B0}.Distribution|Any CPU.ActiveCfg = Debug|Any CPU
		{28998D9A-DBD1-4B3C-8847-C392A00855B0}.Distribution|Any CPU.Build.0 = Debug|Any CPU
		{28998D9A-DBD1-4B3C-8847-C392A00855B0}.Distribution|Any CPU.Deploy.0 = Debug|Any CPU
		{28998D9A-DBD1-4B3C-8847-C392A00855B0}.Distribution|ARM.ActiveCfg = Debug|ARM
		{28998D9A-DBD1-4B3C-8847-C392A00855B0}.Distribution|ARM.Build.0 = Debug|ARM
		{28998D9A-DBD1-4B3C-8847-C392A00855B0}.Distribution|ARM.Deploy.0 = Debug|ARM
		{28998D9A-DBD1-4B3C-8847-C392A00855B0}.Distribution|iOS.ActiveCfg = Debug|Any CPU
		{28998D9A-DBD1-4B3C-8847-C392A00855B0}.Distribution|iOS.Build.0 = Debug|Any CPU
		{28998D9A-DBD1-4B3C-8847-C392A00855B0}.Distribution|iOS.Deploy.0 = Debug|Any CPU
		{28998D9A-DBD1-4B3C-8847-C392A00855B0}.Distribution|Mixed Platforms.ActiveCfg = Debug|x86
		{28998D9A-DBD1-4B3C-8847-C392A00855B0}.Distribution|Mixed Platforms.Build.0 = Debug|x86
		{28998D9A-DBD1-4B3C-8847-C392A00855B0}.Distribution|Mixed Platforms.Deploy.0 = Debug|x86
		{28998D9A-DBD1-4B3C-8847-C392A00855B0}.Distribution|Windows Phone.ActiveCfg = Debug|Any CPU
		{28998D9A-DBD1-4B3C-8847-C392A00855B0}.Distribution|Windows Phone.Build.0 = Debug|Any CPU
		{28998D9A-DBD1-4B3C-8847-C392A00855B0}.Distribution|Windows Phone.Deploy.0 = Debug|Any CPU
		{28998D9A-DBD1-4B3C-8847-C392A00855B0}.Distribution|Windows-AnyCPU.ActiveCfg = Debug|Any CPU
		{28998D9A-DBD1-4B3C-8847-C392A00855B0}.Distribution|Windows-AnyCPU.Build.0 = Debug|Any CPU
		{28998D9A-DBD1-4B3C-8847-C392A00855B0}.Distribution|Windows-AnyCPU.Deploy.0 = Debug|Any CPU
		{28998D9A-DBD1-4B3C-8847-C392A00855B0}.Distribution|Windows-ARM.ActiveCfg = Debug|Any CPU
		{28998D9A-DBD1-4B3C-8847-C392A00855B0}.Distribution|Windows-ARM.Build.0 = Debug|Any CPU
		{28998D9A-DBD1-4B3C-8847-C392A00855B0}.Distribution|Windows-ARM.Deploy.0 = Debug|Any CPU
		{28998D9A-DBD1-4B3C-8847-C392A00855B0}.Distribution|Windows-x64.ActiveCfg = Debug|Any CPU
		{28998D9A-DBD1-4B3C-8847-C392A00855B0}.Distribution|Windows-x64.Build.0 = Debug|Any CPU
		{28998D9A-DBD1-4B3C-8847-C392A00855B0}.Distribution|Windows-x64.Deploy.0 = Debug|Any CPU
		{28998D9A-DBD1-4B3C-8847-C392A00855B0}.Distribution|Windows-x86.ActiveCfg = Debug|Any CPU
		{28998D9A-DBD1-4B3C-8847-C392A00855B0}.Distribution|Windows-x86.Build.0 = Debug|Any CPU
		{28998D9A-DBD1-4B3C-8847-C392A00855B0}.Distribution|Windows-x86.Deploy.0 = Debug|Any CPU
		{28998D9A-DBD1-4B3C-8847-C392A00855B0}.Distribution|x64.ActiveCfg = Debug|x64
		{28998D9A-DBD1-4B3C-8847-C392A00855B0}.Distribution|x64.Build.0 = Debug|x64
		{28998D9A-DBD1-4B3C-8847-C392A00855B0}.Distribution|x64.Deploy.0 = Debug|x64
		{28998D9A-DBD1-4B3C-8847-C392A00855B0}.Distribution|x86.ActiveCfg = Debug|x86
		{28998D9A-DBD1-4B3C-8847-C392A00855B0}.Distribution|x86.Build.0 = Debug|x86
		{28998D9A-DBD1-4B3C-8847-C392A00855B0}.Distribution|x86.Deploy.0 = Debug|x86
		{28998D9A-DBD1-4B3C-8847-C392A00855B0}.Release|Android.ActiveCfg = Release|Any CPU
		{28998D9A-DBD1-4B3C-8847-C392A00855B0}.Release|Android.Build.0 = Release|Any CPU
		{28998D9A-DBD1-4B3C-8847-C392A00855B0}.Release|Android.Deploy.0 = Release|Any CPU
		{28998D9A-DBD1-4B3C-8847-C392A00855B0}.Release|Any CPU.ActiveCfg = Release|Any CPU
		{28998D9A-DBD1-4B3C-8847-C392A00855B0}.Release|Any CPU.Build.0 = Release|Any CPU
		{28998D9A-DBD1-4B3C-8847-C392A00855B0}.Release|Any CPU.Deploy.0 = Release|Any CPU
		{28998D9A-DBD1-4B3C-8847-C392A00855B0}.Release|ARM.ActiveCfg = Release|ARM
		{28998D9A-DBD1-4B3C-8847-C392A00855B0}.Release|ARM.Build.0 = Release|ARM
		{28998D9A-DBD1-4B3C-8847-C392A00855B0}.Release|ARM.Deploy.0 = Release|ARM
		{28998D9A-DBD1-4B3C-8847-C392A00855B0}.Release|iOS.ActiveCfg = Release|Any CPU
		{28998D9A-DBD1-4B3C-8847-C392A00855B0}.Release|iOS.Build.0 = Release|Any CPU
		{28998D9A-DBD1-4B3C-8847-C392A00855B0}.Release|iOS.Deploy.0 = Release|Any CPU
		{28998D9A-DBD1-4B3C-8847-C392A00855B0}.Release|Mixed Platforms.ActiveCfg = Release|x86
		{28998D9A-DBD1-4B3C-8847-C392A00855B0}.Release|Mixed Platforms.Build.0 = Release|x86
		{28998D9A-DBD1-4B3C-8847-C392A00855B0}.Release|Mixed Platforms.Deploy.0 = Release|x86
		{28998D9A-DBD1-4B3C-8847-C392A00855B0}.Release|Windows Phone.ActiveCfg = Release|Any CPU
		{28998D9A-DBD1-4B3C-8847-C392A00855B0}.Release|Windows Phone.Build.0 = Release|Any CPU
		{28998D9A-DBD1-4B3C-8847-C392A00855B0}.Release|Windows Phone.Deploy.0 = Release|Any CPU
		{28998D9A-DBD1-4B3C-8847-C392A00855B0}.Release|Windows-AnyCPU.ActiveCfg = Release|Any CPU
		{28998D9A-DBD1-4B3C-8847-C392A00855B0}.Release|Windows-AnyCPU.Build.0 = Release|Any CPU
		{28998D9A-DBD1-4B3C-8847-C392A00855B0}.Release|Windows-AnyCPU.Deploy.0 = Release|Any CPU
		{28998D9A-DBD1-4B3C-8847-C392A00855B0}.Release|Windows-ARM.ActiveCfg = Release|Any CPU
		{28998D9A-DBD1-4B3C-8847-C392A00855B0}.Release|Windows-ARM.Build.0 = Release|Any CPU
		{28998D9A-DBD1-4B3C-8847-C392A00855B0}.Release|Windows-ARM.Deploy.0 = Release|Any CPU
		{28998D9A-DBD1-4B3C-8847-C392A00855B0}.Release|Windows-x64.ActiveCfg = Release|Any CPU
		{28998D9A-DBD1-4B3C-8847-C392A00855B0}.Release|Windows-x64.Build.0 = Release|Any CPU
		{28998D9A-DBD1-4B3C-8847-C392A00855B0}.Release|Windows-x64.Deploy.0 = Release|Any CPU
		{28998D9A-DBD1-4B3C-8847-C392A00855B0}.Release|Windows-x86.ActiveCfg = Release|Any CPU
		{28998D9A-DBD1-4B3C-8847-C392A00855B0}.Release|Windows-x86.Build.0 = Release|Any CPU
		{28998D9A-DBD1-4B3C-8847-C392A00855B0}.Release|Windows-x86.Deploy.0 = Release|Any CPU
		{28998D9A-DBD1-4B3C-8847-C392A00855B0}.Release|x64.ActiveCfg = Release|x64
		{28998D9A-DBD1-4B3C-8847-C392A00855B0}.Release|x64.Build.0 = Release|x64
		{28998D9A-DBD1-4B3C-8847-C392A00855B0}.Release|x64.Deploy.0 = Release|x64
		{28998D9A-DBD1-4B3C-8847-C392A00855B0}.Release|x86.ActiveCfg = Release|x86
		{28998D9A-DBD1-4B3C-8847-C392A00855B0}.Release|x86.Build.0 = Release|x86
		{28998D9A-DBD1-4B3C-8847-C392A00855B0}.Release|x86.Deploy.0 = Release|x86
	EndGlobalSection
	GlobalSection(SolutionProperties) = preSolution
		HideSolutionNode = FALSE
	EndGlobalSection
	GlobalSection(NestedProjects) = preSolution
		{13F25FCE-65B5-4AAE-B498-C0F001F28717} = {3970E19A-616D-4816-83EE-2E902462BEE1}
		{54087230-87DD-4A3A-BC3A-C939DB16EF31} = {3970E19A-616D-4816-83EE-2E902462BEE1}
		{D347A8E1-D088-41E6-BF18-2D6EE23AD24A} = {3970E19A-616D-4816-83EE-2E902462BEE1}
		{28998D9A-DBD1-4B3C-8847-C392A00855B0} = {3970E19A-616D-4816-83EE-2E902462BEE1}
	EndGlobalSection
EndGlobal
