
Microsoft Visual Studio Solution File, Format Version 12.00
# Visual Studio 2013
VisualStudioVersion = 12.0.30723.0
MinimumVisualStudioVersion = 10.0.40219.1
Project("{2150E333-8FDC-42A3-9474-1A3956D46DE8}") = ".nuget", ".nuget", "{F091128A-C875-4C85-985E-F2610271EDC3}"
	ProjectSection(SolutionItems) = preProject
		.nuget\packages.config = .nuget\packages.config
	EndProjectSection
EndProject
Project("{2150E333-8FDC-42A3-9474-1A3956D46DE8}") = "MCNEXT WinJS Contrib", "MCNEXT WinJS Contrib", "{3970E19A-616D-4816-83EE-2E902462BEE1}"
EndProject
Project("{D954291E-2A0B-460D-934E-DC6B0785DB48}") = "MCNEXT WinJS Contrib.Shared", "MCNEXT WinJS Contrib.Shared\MCNEXT WinJS Contrib.Shared.shproj", "{54087230-87DD-4A3A-BC3A-C939DB16EF31}"
EndProject
Project("{262852C6-CD72-467D-83FE-5EEB1973A190}") = "MCNEXT.WinJS.Contrib.Cordova", "CordovaSample\MCNEXT.WinJS.Contrib.Cordova.jsproj", "{BAF4EBB2-F02F-4F4D-862E-64BD5C186EE1}"
EndProject
Global
	GlobalSection(SharedMSBuildProjectFiles) = preSolution
		MCNEXT WinJS Contrib.Shared\MCNEXT_WinJS_Contrib.Shared.projitems*{54087230-87dd-4a3a-bc3a-c939db16ef31}*SharedItemsImports = 13
	EndGlobalSection
	GlobalSection(SolutionConfigurationPlatforms) = preSolution
		Debug|Android = Debug|Android
		Debug|Any CPU = Debug|Any CPU
		Debug|ARM = Debug|ARM
		Debug|iOS = Debug|iOS		
		Debug|Windows Phone = Debug|Windows Phone
		Debug|Windows-AnyCPU = Debug|Windows-AnyCPU
		Debug|Windows-ARM = Debug|Windows-ARM
		Debug|Windows-x64 = Debug|Windows-x64
		Debug|Windows-x86 = Debug|Windows-x86
		Debug|x64 = Debug|x64
		Debug|x86 = Debug|x86
		Distribution|Android = Distribution|Android
		Distribution|Any CPU = Distribution|Any CPU
		Distribution|ARM = Distribution|ARM
		Distribution|iOS = Distribution|iOS		
		Distribution|Windows Phone = Distribution|Windows Phone
		Distribution|Windows-AnyCPU = Distribution|Windows-AnyCPU
		Distribution|Windows-ARM = Distribution|Windows-ARM
		Distribution|Windows-x64 = Distribution|Windows-x64
		Distribution|Windows-x86 = Distribution|Windows-x86
		Distribution|x64 = Distribution|x64
		Distribution|x86 = Distribution|x86
		Release|Android = Release|Android
		Release|Any CPU = Release|Any CPU
		Release|ARM = Release|ARM
		Release|iOS = Release|iOS		
		Release|Windows Phone = Release|Windows Phone
		Release|Windows-AnyCPU = Release|Windows-AnyCPU
		Release|Windows-ARM = Release|Windows-ARM
		Release|Windows-x64 = Release|Windows-x64
		Release|Windows-x86 = Release|Windows-x86
		Release|x64 = Release|x64
		Release|x86 = Release|x86
	EndGlobalSection
	GlobalSection(ProjectConfigurationPlatforms) = postSolution
		{BAF4EBB2-F02F-4F4D-862E-64BD5C186EE1}.Debug|Android.ActiveCfg = Debug|Android
		{BAF4EBB2-F02F-4F4D-862E-64BD5C186EE1}.Debug|Android.Build.0 = Debug|Android
		{BAF4EBB2-F02F-4F4D-862E-64BD5C186EE1}.Debug|Android.Deploy.0 = Debug|Android
		{BAF4EBB2-F02F-4F4D-862E-64BD5C186EE1}.Debug|Any CPU.ActiveCfg = Debug|Android
		{BAF4EBB2-F02F-4F4D-862E-64BD5C186EE1}.Debug|ARM.ActiveCfg = Debug|Windows-ARM
		{BAF4EBB2-F02F-4F4D-862E-64BD5C186EE1}.Debug|iOS.ActiveCfg = Debug|iOS
		{BAF4EBB2-F02F-4F4D-862E-64BD5C186EE1}.Debug|iOS.Build.0 = Debug|iOS
		{BAF4EBB2-F02F-4F4D-862E-64BD5C186EE1}.Debug|iOS.Deploy.0 = Debug|iOS
		{BAF4EBB2-F02F-4F4D-862E-64BD5C186EE1}.Debug|Windows Phone.ActiveCfg = Debug|Windows Phone
		{BAF4EBB2-F02F-4F4D-862E-64BD5C186EE1}.Debug|Windows Phone.Build.0 = Debug|Windows Phone
		{BAF4EBB2-F02F-4F4D-862E-64BD5C186EE1}.Debug|Windows Phone.Deploy.0 = Debug|Windows Phone
		{BAF4EBB2-F02F-4F4D-862E-64BD5C186EE1}.Debug|Windows-AnyCPU.ActiveCfg = Debug|Windows-AnyCPU
		{BAF4EBB2-F02F-4F4D-862E-64BD5C186EE1}.Debug|Windows-AnyCPU.Build.0 = Debug|Windows-AnyCPU
		{BAF4EBB2-F02F-4F4D-862E-64BD5C186EE1}.Debug|Windows-AnyCPU.Deploy.0 = Debug|Windows-AnyCPU
		{BAF4EBB2-F02F-4F4D-862E-64BD5C186EE1}.Debug|Windows-ARM.ActiveCfg = Debug|Windows-ARM
		{BAF4EBB2-F02F-4F4D-862E-64BD5C186EE1}.Debug|Windows-ARM.Build.0 = Debug|Windows-ARM
		{BAF4EBB2-F02F-4F4D-862E-64BD5C186EE1}.Debug|Windows-ARM.Deploy.0 = Debug|Windows-ARM
		{BAF4EBB2-F02F-4F4D-862E-64BD5C186EE1}.Debug|Windows-x64.ActiveCfg = Debug|Windows-x64
		{BAF4EBB2-F02F-4F4D-862E-64BD5C186EE1}.Debug|Windows-x64.Build.0 = Debug|Windows-x64
		{BAF4EBB2-F02F-4F4D-862E-64BD5C186EE1}.Debug|Windows-x64.Deploy.0 = Debug|Windows-x64
		{BAF4EBB2-F02F-4F4D-862E-64BD5C186EE1}.Debug|Windows-x86.ActiveCfg = Debug|Windows-x86
		{BAF4EBB2-F02F-4F4D-862E-64BD5C186EE1}.Debug|Windows-x86.Build.0 = Debug|Windows-x86
		{BAF4EBB2-F02F-4F4D-862E-64BD5C186EE1}.Debug|Windows-x86.Deploy.0 = Debug|Windows-x86
		{BAF4EBB2-F02F-4F4D-862E-64BD5C186EE1}.Debug|x64.ActiveCfg = Debug|Windows-x64
		{BAF4EBB2-F02F-4F4D-862E-64BD5C186EE1}.Debug|x86.ActiveCfg = Debug|Windows-x86
		{BAF4EBB2-F02F-4F4D-862E-64BD5C186EE1}.Distribution|Android.ActiveCfg = Distribution|Android
		{BAF4EBB2-F02F-4F4D-862E-64BD5C186EE1}.Distribution|Android.Build.0 = Distribution|Android
		{BAF4EBB2-F02F-4F4D-862E-64BD5C186EE1}.Distribution|Android.Deploy.0 = Distribution|Android
		{BAF4EBB2-F02F-4F4D-862E-64BD5C186EE1}.Distribution|Any CPU.ActiveCfg = Distribution|Android
		{BAF4EBB2-F02F-4F4D-862E-64BD5C186EE1}.Distribution|ARM.ActiveCfg = Distribution|Windows-ARM
		{BAF4EBB2-F02F-4F4D-862E-64BD5C186EE1}.Distribution|iOS.ActiveCfg = Distribution|iOS
		{BAF4EBB2-F02F-4F4D-862E-64BD5C186EE1}.Distribution|iOS.Build.0 = Distribution|iOS
		{BAF4EBB2-F02F-4F4D-862E-64BD5C186EE1}.Distribution|iOS.Deploy.0 = Distribution|iOS
		{BAF4EBB2-F02F-4F4D-862E-64BD5C186EE1}.Distribution|Windows Phone.ActiveCfg = Distribution|Windows Phone
		{BAF4EBB2-F02F-4F4D-862E-64BD5C186EE1}.Distribution|Windows Phone.Build.0 = Distribution|Windows Phone
		{BAF4EBB2-F02F-4F4D-862E-64BD5C186EE1}.Distribution|Windows Phone.Deploy.0 = Distribution|Windows Phone
		{BAF4EBB2-F02F-4F4D-862E-64BD5C186EE1}.Distribution|Windows-AnyCPU.ActiveCfg = Distribution|Windows-AnyCPU
		{BAF4EBB2-F02F-4F4D-862E-64BD5C186EE1}.Distribution|Windows-AnyCPU.Build.0 = Distribution|Windows-AnyCPU
		{BAF4EBB2-F02F-4F4D-862E-64BD5C186EE1}.Distribution|Windows-AnyCPU.Deploy.0 = Distribution|Windows-AnyCPU
		{BAF4EBB2-F02F-4F4D-862E-64BD5C186EE1}.Distribution|Windows-ARM.ActiveCfg = Distribution|Windows-ARM
		{BAF4EBB2-F02F-4F4D-862E-64BD5C186EE1}.Distribution|Windows-ARM.Build.0 = Distribution|Windows-ARM
		{BAF4EBB2-F02F-4F4D-862E-64BD5C186EE1}.Distribution|Windows-ARM.Deploy.0 = Distribution|Windows-ARM
		{BAF4EBB2-F02F-4F4D-862E-64BD5C186EE1}.Distribution|Windows-x64.ActiveCfg = Distribution|Windows-x64
		{BAF4EBB2-F02F-4F4D-862E-64BD5C186EE1}.Distribution|Windows-x64.Build.0 = Distribution|Windows-x64
		{BAF4EBB2-F02F-4F4D-862E-64BD5C186EE1}.Distribution|Windows-x64.Deploy.0 = Distribution|Windows-x64
		{BAF4EBB2-F02F-4F4D-862E-64BD5C186EE1}.Distribution|Windows-x86.ActiveCfg = Distribution|Windows-x86
		{BAF4EBB2-F02F-4F4D-862E-64BD5C186EE1}.Distribution|Windows-x86.Build.0 = Distribution|Windows-x86
		{BAF4EBB2-F02F-4F4D-862E-64BD5C186EE1}.Distribution|Windows-x86.Deploy.0 = Distribution|Windows-x86
		{BAF4EBB2-F02F-4F4D-862E-64BD5C186EE1}.Distribution|x64.ActiveCfg = Distribution|Windows-x64
		{BAF4EBB2-F02F-4F4D-862E-64BD5C186EE1}.Distribution|x86.ActiveCfg = Distribution|Windows-x86
		{BAF4EBB2-F02F-4F4D-862E-64BD5C186EE1}.Release|Android.ActiveCfg = Release|Android
		{BAF4EBB2-F02F-4F4D-862E-64BD5C186EE1}.Release|Android.Build.0 = Release|Android
		{BAF4EBB2-F02F-4F4D-862E-64BD5C186EE1}.Release|Android.Deploy.0 = Release|Android
		{BAF4EBB2-F02F-4F4D-862E-64BD5C186EE1}.Release|Any CPU.ActiveCfg = Release|Android
		{BAF4EBB2-F02F-4F4D-862E-64BD5C186EE1}.Release|ARM.ActiveCfg = Release|Windows-ARM
		{BAF4EBB2-F02F-4F4D-862E-64BD5C186EE1}.Release|iOS.ActiveCfg = Release|iOS
		{BAF4EBB2-F02F-4F4D-862E-64BD5C186EE1}.Release|iOS.Build.0 = Release|iOS
		{BAF4EBB2-F02F-4F4D-862E-64BD5C186EE1}.Release|iOS.Deploy.0 = Release|iOS
		{BAF4EBB2-F02F-4F4D-862E-64BD5C186EE1}.Release|Windows Phone.ActiveCfg = Release|Windows Phone
		{BAF4EBB2-F02F-4F4D-862E-64BD5C186EE1}.Release|Windows Phone.Build.0 = Release|Windows Phone
		{BAF4EBB2-F02F-4F4D-862E-64BD5C186EE1}.Release|Windows Phone.Deploy.0 = Release|Windows Phone
		{BAF4EBB2-F02F-4F4D-862E-64BD5C186EE1}.Release|Windows-AnyCPU.ActiveCfg = Release|Windows-AnyCPU
		{BAF4EBB2-F02F-4F4D-862E-64BD5C186EE1}.Release|Windows-AnyCPU.Build.0 = Release|Windows-AnyCPU
		{BAF4EBB2-F02F-4F4D-862E-64BD5C186EE1}.Release|Windows-AnyCPU.Deploy.0 = Release|Windows-AnyCPU
		{BAF4EBB2-F02F-4F4D-862E-64BD5C186EE1}.Release|Windows-ARM.ActiveCfg = Release|Windows-ARM
		{BAF4EBB2-F02F-4F4D-862E-64BD5C186EE1}.Release|Windows-ARM.Build.0 = Release|Windows-ARM
		{BAF4EBB2-F02F-4F4D-862E-64BD5C186EE1}.Release|Windows-ARM.Deploy.0 = Release|Windows-ARM
		{BAF4EBB2-F02F-4F4D-862E-64BD5C186EE1}.Release|Windows-x64.ActiveCfg = Release|Windows-x64
		{BAF4EBB2-F02F-4F4D-862E-64BD5C186EE1}.Release|Windows-x64.Build.0 = Release|Windows-x64
		{BAF4EBB2-F02F-4F4D-862E-64BD5C186EE1}.Release|Windows-x64.Deploy.0 = Release|Windows-x64
		{BAF4EBB2-F02F-4F4D-862E-64BD5C186EE1}.Release|Windows-x86.ActiveCfg = Release|Windows-x86
		{BAF4EBB2-F02F-4F4D-862E-64BD5C186EE1}.Release|Windows-x86.Build.0 = Release|Windows-x86
		{BAF4EBB2-F02F-4F4D-862E-64BD5C186EE1}.Release|Windows-x86.Deploy.0 = Release|Windows-x86
		{BAF4EBB2-F02F-4F4D-862E-64BD5C186EE1}.Release|x64.ActiveCfg = Release|Windows-x64
		{BAF4EBB2-F02F-4F4D-862E-64BD5C186EE1}.Release|x86.ActiveCfg = Release|Windows-x86
	EndGlobalSection
	GlobalSection(SolutionProperties) = preSolution
		HideSolutionNode = FALSE
	EndGlobalSection
	GlobalSection(NestedProjects) = preSolution
		{54087230-87DD-4A3A-BC3A-C939DB16EF31} = {3970E19A-616D-4816-83EE-2E902462BEE1}
		{BAF4EBB2-F02F-4F4D-862E-64BD5C186EE1} = {3970E19A-616D-4816-83EE-2E902462BEE1}
	EndGlobalSection
EndGlobal
